
Microsoft Visual Studio Solution File, Format Version 12.00
# Visual Studio Version 17
VisualStudioVersion = 17.2.32630.192
MinimumVisualStudioVersion = 10.0.40219.1
Project("{FAE04EC0-301F-11D3-BF4B-00C04F79EFBC}") = "ProyectoFinal", "ProyectoFinal.csproj", "{0A1B8370-D516-406F-971A-66FFBC35115A}"
EndProject
Global
	GlobalSection(SolutionConfigurationPlatforms) = preSolution
		Debug|Any CPU = Debug|Any CPU
		Release|Any CPU = Release|Any CPU
	EndGlobalSection
	GlobalSection(ProjectConfigurationPlatforms) = postSolution
		{0A1B8370-D516-406F-971A-66FFBC35115A}.Debug|Any CPU.ActiveCfg = Debug|Any CPU
		{0A1B8370-D516-406F-971A-66FFBC35115A}.Debug|Any CPU.Build.0 = Debug|Any CPU
		{0A1B8370-D516-406F-971A-66FFBC35115A}.Release|Any CPU.ActiveCfg = Release|Any CPU
		{0A1B8370-D516-406F-971A-66FFBC35115A}.Release|Any CPU.Build.0 = Release|Any CPU
	EndGlobalSection
	GlobalSection(SolutionProperties) = preSolution
		HideSolutionNode = FALSE
	EndGlobalSection
	GlobalSection(ExtensibilityGlobals) = postSolution
		SolutionGuid = {4AB842FA-3DEB-41BC-9B60-34A77711A63A}
	EndGlobalSection
EndGlobal
